
Microsoft Visual Studio Solution File, Format Version 12.00
# Visual Studio 15
VisualStudioVersion = 15.0.28307.271
MinimumVisualStudioVersion = 10.0.40219.1
Project("{FAE04EC0-301F-11D3-BF4B-00C04F79EFBC}") = "IntentApp", "IntentApp\IntentApp.csproj", "{B44EBDE2-D905-4978-BD31-555EE6B1E31F}"
EndProject
Global
	GlobalSection(SolutionConfigurationPlatforms) = preSolution
		Debug|Any CPU = Debug|Any CPU
		Release|Any CPU = Release|Any CPU
	EndGlobalSection
	GlobalSection(ProjectConfigurationPlatforms) = postSolution
		{B44EBDE2-D905-4978-BD31-555EE6B1E31F}.Debug|Any CPU.ActiveCfg = Debug|Any CPU
		{B44EBDE2-D905-4978-BD31-555EE6B1E31F}.Debug|Any CPU.Build.0 = Debug|Any CPU
		{B44EBDE2-D905-4978-BD31-555EE6B1E31F}.Release|Any CPU.ActiveCfg = Release|Any CPU
		{B44EBDE2-D905-4978-BD31-555EE6B1E31F}.Release|Any CPU.Build.0 = Release|Any CPU
	EndGlobalSection
	GlobalSection(SolutionProperties) = preSolution
		HideSolutionNode = FALSE
	EndGlobalSection
	GlobalSection(ExtensibilityGlobals) = postSolution
		SolutionGuid = {5836B108-B2DE-44A6-A831-23559048DCF4}
	EndGlobalSection
EndGlobal
