
Microsoft Visual Studio Solution File, Format Version 12.00
# Visual Studio 15
VisualStudioVersion = 15.0.28307.271
MinimumVisualStudioVersion = 10.0.40219.1
Project("{FAE04EC0-301F-11D3-BF4B-00C04F79EFBC}") = "myFirstAzureWebApp", "myFirstAzureWebApp\myFirstAzureWebApp.csproj", "{914FFB92-15CE-482F-A536-F63837604D46}"
EndProject
Project("{E53339B2-1760-4266-BCC7-CA923CBCF16C}") = "docker-compose", "docker-compose.dcproj", "{7FD1F356-984C-4CFD-B015-E41BB5B0FADD}"
EndProject
Global
	GlobalSection(SolutionConfigurationPlatforms) = preSolution
		Debug|Any CPU = Debug|Any CPU
		Release|Any CPU = Release|Any CPU
	EndGlobalSection
	GlobalSection(ProjectConfigurationPlatforms) = postSolution
		{914FFB92-15CE-482F-A536-F63837604D46}.Debug|Any CPU.ActiveCfg = Debug|Any CPU
		{914FFB92-15CE-482F-A536-F63837604D46}.Debug|Any CPU.Build.0 = Debug|Any CPU
		{914FFB92-15CE-482F-A536-F63837604D46}.Release|Any CPU.ActiveCfg = Release|Any CPU
		{914FFB92-15CE-482F-A536-F63837604D46}.Release|Any CPU.Build.0 = Release|Any CPU
		{7FD1F356-984C-4CFD-B015-E41BB5B0FADD}.Debug|Any CPU.ActiveCfg = Debug|Any CPU
		{7FD1F356-984C-4CFD-B015-E41BB5B0FADD}.Debug|Any CPU.Build.0 = Debug|Any CPU
		{7FD1F356-984C-4CFD-B015-E41BB5B0FADD}.Release|Any CPU.ActiveCfg = Release|Any CPU
		{7FD1F356-984C-4CFD-B015-E41BB5B0FADD}.Release|Any CPU.Build.0 = Release|Any CPU
	EndGlobalSection
	GlobalSection(SolutionProperties) = preSolution
		HideSolutionNode = FALSE
	EndGlobalSection
	GlobalSection(ExtensibilityGlobals) = postSolution
		SolutionGuid = {0A1C3608-78C2-4470-91D2-BAFD452081A4}
	EndGlobalSection
EndGlobal
